
Microsoft Visual Studio Solution File, Format Version 12.00
# Visual Studio 15
VisualStudioVersion = 15.0.27004.2006
MinimumVisualStudioVersion = 10.0.40219.1
Project("{FAE04EC0-301F-11D3-BF4B-00C04F79EFBC}") = "RecipeManager.Gui", "RecipeManager.Gui\RecipeManager.Gui.csproj", "{D337A9FF-10E6-4757-9630-0DB7B9F88898}"
EndProject
Project("{2150E333-8FDC-42A3-9474-1A3956D46DE8}") = "Sql", "Sql", "{6A38B0D6-2239-4B39-AA5A-3B892DEDED82}"
	ProjectSection(SolutionItems) = preProject
		..\CreateDb.sql = ..\CreateDb.sql
	EndProjectSection
EndProject
Project("{FAE04EC0-301F-11D3-BF4B-00C04F79EFBC}") = "RecipeManager.DataAccess", "RecipeManager.DataAccess\RecipeManager.DataAccess.csproj", "{B9E21BA5-A112-428A-8CA3-A7EF39189568}"
EndProject
Project("{FAE04EC0-301F-11D3-BF4B-00C04F79EFBC}") = "RecipeManager.Entities", "RecipeManager.Entities\RecipeManager.Entities.csproj", "{F61742EB-6F0D-452B-B328-8839E059B8DB}"
EndProject
Project("{FAE04EC0-301F-11D3-BF4B-00C04F79EFBC}") = "RecipeManager.Services", "RecipeManager.Services\RecipeManager.Services.csproj", "{1C1D7091-1584-432B-BEC0-0B98D9E8A48E}"
EndProject
Project("{FAE04EC0-301F-11D3-BF4B-00C04F79EFBC}") = "RecipeManager.Tests", "RecipeManager.Tests\RecipeManager.Tests.csproj", "{BC1D9B65-D13E-4A79-ABCD-FACFA7E5CCD2}"
EndProject
Global
	GlobalSection(SolutionConfigurationPlatforms) = preSolution
		Debug|Any CPU = Debug|Any CPU
		Release|Any CPU = Release|Any CPU
	EndGlobalSection
	GlobalSection(ProjectConfigurationPlatforms) = postSolution
		{D337A9FF-10E6-4757-9630-0DB7B9F88898}.Debug|Any CPU.ActiveCfg = Debug|Any CPU
		{D337A9FF-10E6-4757-9630-0DB7B9F88898}.Debug|Any CPU.Build.0 = Debug|Any CPU
		{D337A9FF-10E6-4757-9630-0DB7B9F88898}.Release|Any CPU.ActiveCfg = Release|Any CPU
		{D337A9FF-10E6-4757-9630-0DB7B9F88898}.Release|Any CPU.Build.0 = Release|Any CPU
		{B9E21BA5-A112-428A-8CA3-A7EF39189568}.Debug|Any CPU.ActiveCfg = Debug|Any CPU
		{B9E21BA5-A112-428A-8CA3-A7EF39189568}.Debug|Any CPU.Build.0 = Debug|Any CPU
		{B9E21BA5-A112-428A-8CA3-A7EF39189568}.Release|Any CPU.ActiveCfg = Release|Any CPU
		{B9E21BA5-A112-428A-8CA3-A7EF39189568}.Release|Any CPU.Build.0 = Release|Any CPU
		{F61742EB-6F0D-452B-B328-8839E059B8DB}.Debug|Any CPU.ActiveCfg = Debug|Any CPU
		{F61742EB-6F0D-452B-B328-8839E059B8DB}.Debug|Any CPU.Build.0 = Debug|Any CPU
		{F61742EB-6F0D-452B-B328-8839E059B8DB}.Release|Any CPU.ActiveCfg = Release|Any CPU
		{F61742EB-6F0D-452B-B328-8839E059B8DB}.Release|Any CPU.Build.0 = Release|Any CPU
		{1C1D7091-1584-432B-BEC0-0B98D9E8A48E}.Debug|Any CPU.ActiveCfg = Debug|Any CPU
		{1C1D7091-1584-432B-BEC0-0B98D9E8A48E}.Debug|Any CPU.Build.0 = Debug|Any CPU
		{1C1D7091-1584-432B-BEC0-0B98D9E8A48E}.Release|Any CPU.ActiveCfg = Release|Any CPU
		{1C1D7091-1584-432B-BEC0-0B98D9E8A48E}.Release|Any CPU.Build.0 = Release|Any CPU
		{BC1D9B65-D13E-4A79-ABCD-FACFA7E5CCD2}.Debug|Any CPU.ActiveCfg = Debug|Any CPU
		{BC1D9B65-D13E-4A79-ABCD-FACFA7E5CCD2}.Debug|Any CPU.Build.0 = Debug|Any CPU
		{BC1D9B65-D13E-4A79-ABCD-FACFA7E5CCD2}.Release|Any CPU.ActiveCfg = Release|Any CPU
		{BC1D9B65-D13E-4A79-ABCD-FACFA7E5CCD2}.Release|Any CPU.Build.0 = Release|Any CPU
	EndGlobalSection
	GlobalSection(SolutionProperties) = preSolution
		HideSolutionNode = FALSE
	EndGlobalSection
	GlobalSection(ExtensibilityGlobals) = postSolution
		SolutionGuid = {C2D2F619-E1AF-47EF-AC46-6C852AD37D86}
	EndGlobalSection
EndGlobal
